
Microsoft Visual Studio Solution File, Format Version 11.00
# Visual Studio 2010
Project("{FAE04EC0-301F-11D3-BF4B-00C04F79EFBC}") = "Mediaburst.Text", "Mediaburst.Text.csproj", "{695DABE3-1699-452B-A633-9649E1CADE4B}"
EndProject
Project("{FAE04EC0-301F-11D3-BF4B-00C04F79EFBC}") = "Mediaburst.Text.Tests", "Tests\Mediaburst.Text.Tests.csproj", "{3427C04B-0634-45BD-B516-7DD7A8E645FB}"
EndProject
Global
	GlobalSection(SolutionConfigurationPlatforms) = preSolution
		Debug|Any CPU = Debug|Any CPU
		Release|Any CPU = Release|Any CPU
	EndGlobalSection
	GlobalSection(ProjectConfigurationPlatforms) = postSolution
		{695DABE3-1699-452B-A633-9649E1CADE4B}.Debug|Any CPU.ActiveCfg = Debug|Any CPU
		{695DABE3-1699-452B-A633-9649E1CADE4B}.Debug|Any CPU.Build.0 = Debug|Any CPU
		{695DABE3-1699-452B-A633-9649E1CADE4B}.Release|Any CPU.ActiveCfg = Release|Any CPU
		{695DABE3-1699-452B-A633-9649E1CADE4B}.Release|Any CPU.Build.0 = Release|Any CPU
		{3427C04B-0634-45BD-B516-7DD7A8E645FB}.Debug|Any CPU.ActiveCfg = Debug|Any CPU
		{3427C04B-0634-45BD-B516-7DD7A8E645FB}.Debug|Any CPU.Build.0 = Debug|Any CPU
		{3427C04B-0634-45BD-B516-7DD7A8E645FB}.Release|Any CPU.ActiveCfg = Release|Any CPU
		{3427C04B-0634-45BD-B516-7DD7A8E645FB}.Release|Any CPU.Build.0 = Release|Any CPU
	EndGlobalSection
	GlobalSection(SolutionProperties) = preSolution
		HideSolutionNode = FALSE
	EndGlobalSection
EndGlobal
